
Microsoft Visual Studio Solution File, Format Version 12.00
# Visual Studio Version 17
VisualStudioVersion = 17.4.33122.133
MinimumVisualStudioVersion = 10.0.40219.1
Project("{9A19103F-16F7-4668-BE54-9A1E7A4F7556}") = "StudentAdminPotal", "StudentAdminPotal\StudentAdminPotal.csproj", "{8CD8D052-BCC5-47B7-8400-A833AF8429F1}"
EndProject
Global
	GlobalSection(SolutionConfigurationPlatforms) = preSolution
		Debug|Any CPU = Debug|Any CPU
		Release|Any CPU = Release|Any CPU
	EndGlobalSection
	GlobalSection(ProjectConfigurationPlatforms) = postSolution
		{8CD8D052-BCC5-47B7-8400-A833AF8429F1}.Debug|Any CPU.ActiveCfg = Debug|Any CPU
		{8CD8D052-BCC5-47B7-8400-A833AF8429F1}.Debug|Any CPU.Build.0 = Debug|Any CPU
		{8CD8D052-BCC5-47B7-8400-A833AF8429F1}.Release|Any CPU.ActiveCfg = Release|Any CPU
		{8CD8D052-BCC5-47B7-8400-A833AF8429F1}.Release|Any CPU.Build.0 = Release|Any CPU
	EndGlobalSection
	GlobalSection(SolutionProperties) = preSolution
		HideSolutionNode = FALSE
	EndGlobalSection
	GlobalSection(ExtensibilityGlobals) = postSolution
		SolutionGuid = {F973504A-7887-456E-8A5F-06A6AF0BAA0C}
	EndGlobalSection
EndGlobal
